
Microsoft Visual Studio Solution File, Format Version 12.00
# Visual Studio Version 16
VisualStudioVersion = 16.0.28822.285
MinimumVisualStudioVersion = 10.0.40219.1
Project("{FAE04EC0-301F-11D3-BF4B-00C04F79EFBC}") = "P1806", "P1806\P1806.csproj", "{4DB5161F-63A5-46FB-8E6F-7069D39F77B4}"
EndProject
Project("{FAE04EC0-301F-11D3-BF4B-00C04F79EFBC}") = "ArraysLesson", "ArraysLesson\ArraysLesson.csproj", "{97EF6A35-8E1C-48ED-98AF-308B17D3E37D}"
EndProject
Project("{FAE04EC0-301F-11D3-BF4B-00C04F79EFBC}") = "StringLessons", "StringLessons\StringLessons.csproj", "{DBF3CF98-2FEF-40E3-9FD3-38A0222C0F98}"
EndProject
Project("{FAE04EC0-301F-11D3-BF4B-00C04F79EFBC}") = "StructEnumProject", "StructEnumProject\StructEnumProject.csproj", "{1CCB4E49-7D43-4333-93C6-0EAC711A49A4}"
EndProject
Project("{FAE04EC0-301F-11D3-BF4B-00C04F79EFBC}") = "InterfaceLessonn", "InterfaceLessonn\InterfaceLessonn.csproj", "{D4D2B39E-7784-4DB2-BF40-4568B19B0E77}"
EndProject
Project("{FAE04EC0-301F-11D3-BF4B-00C04F79EFBC}") = "DelegateLessons", "DelegateLessons\DelegateLessons.csproj", "{9E3E963C-D847-4D32-B24D-0079B119EE98}"
EndProject
Project("{FAE04EC0-301F-11D3-BF4B-00C04F79EFBC}") = "SerializableTest", "SerializableTest\SerializableTest.csproj", "{2AE48372-924C-47C4-A025-17367CD2F9A0}"
EndProject
Project("{FAE04EC0-301F-11D3-BF4B-00C04F79EFBC}") = "SerialiazableLesson", "SeriliazableLesson\SerialiazableLesson.csproj", "{904FE4EE-A2AA-43F4-9C8B-41EE69757D9D}"
EndProject
Project("{FAE04EC0-301F-11D3-BF4B-00C04F79EFBC}") = "MortalCombat", "MortalCombat\MortalCombat.csproj", "{D2C25DE6-3000-40E9-BBE6-87C49913874F}"
EndProject
Global
	GlobalSection(SolutionConfigurationPlatforms) = preSolution
		Debug|Any CPU = Debug|Any CPU
		Release|Any CPU = Release|Any CPU
	EndGlobalSection
	GlobalSection(ProjectConfigurationPlatforms) = postSolution
		{4DB5161F-63A5-46FB-8E6F-7069D39F77B4}.Debug|Any CPU.ActiveCfg = Debug|Any CPU
		{4DB5161F-63A5-46FB-8E6F-7069D39F77B4}.Debug|Any CPU.Build.0 = Debug|Any CPU
		{4DB5161F-63A5-46FB-8E6F-7069D39F77B4}.Release|Any CPU.ActiveCfg = Release|Any CPU
		{4DB5161F-63A5-46FB-8E6F-7069D39F77B4}.Release|Any CPU.Build.0 = Release|Any CPU
		{97EF6A35-8E1C-48ED-98AF-308B17D3E37D}.Debug|Any CPU.ActiveCfg = Debug|Any CPU
		{97EF6A35-8E1C-48ED-98AF-308B17D3E37D}.Debug|Any CPU.Build.0 = Debug|Any CPU
		{97EF6A35-8E1C-48ED-98AF-308B17D3E37D}.Release|Any CPU.ActiveCfg = Release|Any CPU
		{97EF6A35-8E1C-48ED-98AF-308B17D3E37D}.Release|Any CPU.Build.0 = Release|Any CPU
		{DBF3CF98-2FEF-40E3-9FD3-38A0222C0F98}.Debug|Any CPU.ActiveCfg = Debug|Any CPU
		{DBF3CF98-2FEF-40E3-9FD3-38A0222C0F98}.Debug|Any CPU.Build.0 = Debug|Any CPU
		{DBF3CF98-2FEF-40E3-9FD3-38A0222C0F98}.Release|Any CPU.ActiveCfg = Release|Any CPU
		{DBF3CF98-2FEF-40E3-9FD3-38A0222C0F98}.Release|Any CPU.Build.0 = Release|Any CPU
		{1CCB4E49-7D43-4333-93C6-0EAC711A49A4}.Debug|Any CPU.ActiveCfg = Debug|Any CPU
		{1CCB4E49-7D43-4333-93C6-0EAC711A49A4}.Debug|Any CPU.Build.0 = Debug|Any CPU
		{1CCB4E49-7D43-4333-93C6-0EAC711A49A4}.Release|Any CPU.ActiveCfg = Release|Any CPU
		{1CCB4E49-7D43-4333-93C6-0EAC711A49A4}.Release|Any CPU.Build.0 = Release|Any CPU
		{D4D2B39E-7784-4DB2-BF40-4568B19B0E77}.Debug|Any CPU.ActiveCfg = Debug|Any CPU
		{D4D2B39E-7784-4DB2-BF40-4568B19B0E77}.Debug|Any CPU.Build.0 = Debug|Any CPU
		{D4D2B39E-7784-4DB2-BF40-4568B19B0E77}.Release|Any CPU.ActiveCfg = Release|Any CPU
		{D4D2B39E-7784-4DB2-BF40-4568B19B0E77}.Release|Any CPU.Build.0 = Release|Any CPU
		{9E3E963C-D847-4D32-B24D-0079B119EE98}.Debug|Any CPU.ActiveCfg = Debug|Any CPU
		{9E3E963C-D847-4D32-B24D-0079B119EE98}.Debug|Any CPU.Build.0 = Debug|Any CPU
		{9E3E963C-D847-4D32-B24D-0079B119EE98}.Release|Any CPU.ActiveCfg = Release|Any CPU
		{9E3E963C-D847-4D32-B24D-0079B119EE98}.Release|Any CPU.Build.0 = Release|Any CPU
		{2AE48372-924C-47C4-A025-17367CD2F9A0}.Debug|Any CPU.ActiveCfg = Debug|Any CPU
		{2AE48372-924C-47C4-A025-17367CD2F9A0}.Debug|Any CPU.Build.0 = Debug|Any CPU
		{2AE48372-924C-47C4-A025-17367CD2F9A0}.Release|Any CPU.ActiveCfg = Release|Any CPU
		{2AE48372-924C-47C4-A025-17367CD2F9A0}.Release|Any CPU.Build.0 = Release|Any CPU
		{904FE4EE-A2AA-43F4-9C8B-41EE69757D9D}.Debug|Any CPU.ActiveCfg = Debug|Any CPU
		{904FE4EE-A2AA-43F4-9C8B-41EE69757D9D}.Debug|Any CPU.Build.0 = Debug|Any CPU
		{904FE4EE-A2AA-43F4-9C8B-41EE69757D9D}.Release|Any CPU.ActiveCfg = Release|Any CPU
		{904FE4EE-A2AA-43F4-9C8B-41EE69757D9D}.Release|Any CPU.Build.0 = Release|Any CPU
		{D2C25DE6-3000-40E9-BBE6-87C49913874F}.Debug|Any CPU.ActiveCfg = Debug|Any CPU
		{D2C25DE6-3000-40E9-BBE6-87C49913874F}.Debug|Any CPU.Build.0 = Debug|Any CPU
		{D2C25DE6-3000-40E9-BBE6-87C49913874F}.Release|Any CPU.ActiveCfg = Release|Any CPU
		{D2C25DE6-3000-40E9-BBE6-87C49913874F}.Release|Any CPU.Build.0 = Release|Any CPU
	EndGlobalSection
	GlobalSection(SolutionProperties) = preSolution
		HideSolutionNode = FALSE
	EndGlobalSection
	GlobalSection(ExtensibilityGlobals) = postSolution
		SolutionGuid = {6F53A62F-DC6D-40C7-ADA3-60CC1F89C6C3}
	EndGlobalSection
EndGlobal
