
Microsoft Visual Studio Solution File, Format Version 12.00
# Visual Studio Version 16
VisualStudioVersion = 16.0.28822.285
MinimumVisualStudioVersion = 10.0.40219.1
Project("{FAE04EC0-301F-11D3-BF4B-00C04F79EFBC}") = "P1806", "P1806\P1806.csproj", "{4DB5161F-63A5-46FB-8E6F-7069D39F77B4}"
EndProject
Project("{FAE04EC0-301F-11D3-BF4B-00C04F79EFBC}") = "ArraysLesson", "ArraysLesson\ArraysLesson.csproj", "{97EF6A35-8E1C-48ED-98AF-308B17D3E37D}"
EndProject
Project("{FAE04EC0-301F-11D3-BF4B-00C04F79EFBC}") = "StringLessons", "StringLessons\StringLessons.csproj", "{DBF3CF98-2FEF-40E3-9FD3-38A0222C0F98}"
EndProject
Project("{FAE04EC0-301F-11D3-BF4B-00C04F79EFBC}") = "StructEnumProject", "StructEnumProject\StructEnumProject.csproj", "{1CCB4E49-7D43-4333-93C6-0EAC711A49A4}"
EndProject
Project("{FAE04EC0-301F-11D3-BF4B-00C04F79EFBC}") = "InterfaceLessonn", "InterfaceLessonn\InterfaceLessonn.csproj", "{D4D2B39E-7784-4DB2-BF40-4568B19B0E77}"
EndProject
Project("{FAE04EC0-301F-11D3-BF4B-00C04F79EFBC}") = "DelegateLessons", "DelegateLessons\DelegateLessons.csproj", "{9E3E963C-D847-4D32-B24D-0079B119EE98}"
EndProject
Project("{FAE04EC0-301F-11D3-BF4B-00C04F79EFBC}") = "SerializableTest", "SerializableTest\SerializableTest.csproj", "{2AE48372-924C-47C4-A025-17367CD2F9A0}"
EndProject
Project("{FAE04EC0-301F-11D3-BF4B-00C04F79EFBC}") = "SerialiazableLesson", "SeriliazableLesson\SerialiazableLesson.csproj", "{904FE4EE-A2AA-43F4-9C8B-41EE69757D9D}"
EndProject
Project("{FAE04EC0-301F-11D3-BF4B-00C04F79EFBC}") = "MortalCombat", "MortalCombat\MortalCombat.csproj", "{D2C25DE6-3000-40E9-BBE6-87C49913874F}"
EndProject
Project("{FAE04EC0-301F-11D3-BF4B-00C04F79EFBC}") = "XMLTest", "XMLTest\XMLTest.csproj", "{4AC263EA-CF54-4DB4-9E0F-3463A774C372}"
EndProject
Project("{FAE04EC0-301F-11D3-BF4B-00C04F79EFBC}") = "ThreadsLesson", "ThreadsLesson\ThreadsLesson.csproj", "{E54CE1A0-E96D-4BC2-98CC-F4B626E8DC8F}"
EndProject
Project("{FAE04EC0-301F-11D3-BF4B-00C04F79EFBC}") = "Apteka", "..\OKR2Test\Apteka\Apteka.csproj", "{36C79FFA-9541-4E55-BAB0-066B0013F952}"
EndProject
Project("{FAE04EC0-301F-11D3-BF4B-00C04F79EFBC}") = "ParsRequest", "..\OKR2Test\ParsRequest\ParsRequest.csproj", "{E599B911-BF75-4DEF-A9E1-B01553D64D1A}"
EndProject
Project("{FAE04EC0-301F-11D3-BF4B-00C04F79EFBC}") = "SortBytes", "..\OKR2Test\SortBytes\SortBytes.csproj", "{49204715-2F3D-4A47-A984-CE06B6E0FC91}"
EndProject
Project("{FAE04EC0-301F-11D3-BF4B-00C04F79EFBC}") = "TheMostFrequentBytes", "..\OKR2Test\TheMostFrequentBytes\TheMostFrequentBytes.csproj", "{EFD0F14A-3F89-4A2F-875C-135D8E0FD01A}"
EndProject
Project("{FAE04EC0-301F-11D3-BF4B-00C04F79EFBC}") = "TheMostRareBytes", "..\OKR2Test\TheMostRareBytes\TheMostRareBytes.csproj", "{FB36A1E3-483F-47F6-9482-7C1DD4E92FEA}"
EndProject
Project("{9A19103F-16F7-4668-BE54-9A1E7A4F7556}") = "SingletonPlanetCore", "..\OKR2Test\SingletonPlanetCore\SingletonPlanetCore.csproj", "{EA152672-9F35-4945-992E-016F13C21181}"
EndProject
Project("{FAE04EC0-301F-11D3-BF4B-00C04F79EFBC}") = "SingletonPlanet", "..\OKR2Test\SingletonPlanet\SingletonPlanet.csproj", "{F60C7816-79AE-47EE-843F-57AEBE1960C0}"
EndProject
Global
	GlobalSection(SolutionConfigurationPlatforms) = preSolution
		Debug|Any CPU = Debug|Any CPU
		Release|Any CPU = Release|Any CPU
	EndGlobalSection
	GlobalSection(ProjectConfigurationPlatforms) = postSolution
		{4DB5161F-63A5-46FB-8E6F-7069D39F77B4}.Debug|Any CPU.ActiveCfg = Debug|Any CPU
		{4DB5161F-63A5-46FB-8E6F-7069D39F77B4}.Debug|Any CPU.Build.0 = Debug|Any CPU
		{4DB5161F-63A5-46FB-8E6F-7069D39F77B4}.Release|Any CPU.ActiveCfg = Release|Any CPU
		{4DB5161F-63A5-46FB-8E6F-7069D39F77B4}.Release|Any CPU.Build.0 = Release|Any CPU
		{97EF6A35-8E1C-48ED-98AF-308B17D3E37D}.Debug|Any CPU.ActiveCfg = Debug|Any CPU
		{97EF6A35-8E1C-48ED-98AF-308B17D3E37D}.Debug|Any CPU.Build.0 = Debug|Any CPU
		{97EF6A35-8E1C-48ED-98AF-308B17D3E37D}.Release|Any CPU.ActiveCfg = Release|Any CPU
		{97EF6A35-8E1C-48ED-98AF-308B17D3E37D}.Release|Any CPU.Build.0 = Release|Any CPU
		{DBF3CF98-2FEF-40E3-9FD3-38A0222C0F98}.Debug|Any CPU.ActiveCfg = Debug|Any CPU
		{DBF3CF98-2FEF-40E3-9FD3-38A0222C0F98}.Debug|Any CPU.Build.0 = Debug|Any CPU
		{DBF3CF98-2FEF-40E3-9FD3-38A0222C0F98}.Release|Any CPU.ActiveCfg = Release|Any CPU
		{DBF3CF98-2FEF-40E3-9FD3-38A0222C0F98}.Release|Any CPU.Build.0 = Release|Any CPU
		{1CCB4E49-7D43-4333-93C6-0EAC711A49A4}.Debug|Any CPU.ActiveCfg = Debug|Any CPU
		{1CCB4E49-7D43-4333-93C6-0EAC711A49A4}.Debug|Any CPU.Build.0 = Debug|Any CPU
		{1CCB4E49-7D43-4333-93C6-0EAC711A49A4}.Release|Any CPU.ActiveCfg = Release|Any CPU
		{1CCB4E49-7D43-4333-93C6-0EAC711A49A4}.Release|Any CPU.Build.0 = Release|Any CPU
		{D4D2B39E-7784-4DB2-BF40-4568B19B0E77}.Debug|Any CPU.ActiveCfg = Debug|Any CPU
		{D4D2B39E-7784-4DB2-BF40-4568B19B0E77}.Debug|Any CPU.Build.0 = Debug|Any CPU
		{D4D2B39E-7784-4DB2-BF40-4568B19B0E77}.Release|Any CPU.ActiveCfg = Release|Any CPU
		{D4D2B39E-7784-4DB2-BF40-4568B19B0E77}.Release|Any CPU.Build.0 = Release|Any CPU
		{9E3E963C-D847-4D32-B24D-0079B119EE98}.Debug|Any CPU.ActiveCfg = Debug|Any CPU
		{9E3E963C-D847-4D32-B24D-0079B119EE98}.Debug|Any CPU.Build.0 = Debug|Any CPU
		{9E3E963C-D847-4D32-B24D-0079B119EE98}.Release|Any CPU.ActiveCfg = Release|Any CPU
		{9E3E963C-D847-4D32-B24D-0079B119EE98}.Release|Any CPU.Build.0 = Release|Any CPU
		{2AE48372-924C-47C4-A025-17367CD2F9A0}.Debug|Any CPU.ActiveCfg = Debug|Any CPU
		{2AE48372-924C-47C4-A025-17367CD2F9A0}.Debug|Any CPU.Build.0 = Debug|Any CPU
		{2AE48372-924C-47C4-A025-17367CD2F9A0}.Release|Any CPU.ActiveCfg = Release|Any CPU
		{2AE48372-924C-47C4-A025-17367CD2F9A0}.Release|Any CPU.Build.0 = Release|Any CPU
		{904FE4EE-A2AA-43F4-9C8B-41EE69757D9D}.Debug|Any CPU.ActiveCfg = Debug|Any CPU
		{904FE4EE-A2AA-43F4-9C8B-41EE69757D9D}.Debug|Any CPU.Build.0 = Debug|Any CPU
		{904FE4EE-A2AA-43F4-9C8B-41EE69757D9D}.Release|Any CPU.ActiveCfg = Release|Any CPU
		{904FE4EE-A2AA-43F4-9C8B-41EE69757D9D}.Release|Any CPU.Build.0 = Release|Any CPU
		{D2C25DE6-3000-40E9-BBE6-87C49913874F}.Debug|Any CPU.ActiveCfg = Debug|Any CPU
		{D2C25DE6-3000-40E9-BBE6-87C49913874F}.Debug|Any CPU.Build.0 = Debug|Any CPU
		{D2C25DE6-3000-40E9-BBE6-87C49913874F}.Release|Any CPU.ActiveCfg = Release|Any CPU
		{D2C25DE6-3000-40E9-BBE6-87C49913874F}.Release|Any CPU.Build.0 = Release|Any CPU
		{4AC263EA-CF54-4DB4-9E0F-3463A774C372}.Debug|Any CPU.ActiveCfg = Debug|Any CPU
		{4AC263EA-CF54-4DB4-9E0F-3463A774C372}.Debug|Any CPU.Build.0 = Debug|Any CPU
		{4AC263EA-CF54-4DB4-9E0F-3463A774C372}.Release|Any CPU.ActiveCfg = Release|Any CPU
		{4AC263EA-CF54-4DB4-9E0F-3463A774C372}.Release|Any CPU.Build.0 = Release|Any CPU
		{E54CE1A0-E96D-4BC2-98CC-F4B626E8DC8F}.Debug|Any CPU.ActiveCfg = Debug|Any CPU
		{E54CE1A0-E96D-4BC2-98CC-F4B626E8DC8F}.Debug|Any CPU.Build.0 = Debug|Any CPU
		{E54CE1A0-E96D-4BC2-98CC-F4B626E8DC8F}.Release|Any CPU.ActiveCfg = Release|Any CPU
		{E54CE1A0-E96D-4BC2-98CC-F4B626E8DC8F}.Release|Any CPU.Build.0 = Release|Any CPU
		{36C79FFA-9541-4E55-BAB0-066B0013F952}.Debug|Any CPU.ActiveCfg = Debug|Any CPU
		{36C79FFA-9541-4E55-BAB0-066B0013F952}.Debug|Any CPU.Build.0 = Debug|Any CPU
		{36C79FFA-9541-4E55-BAB0-066B0013F952}.Release|Any CPU.ActiveCfg = Release|Any CPU
		{36C79FFA-9541-4E55-BAB0-066B0013F952}.Release|Any CPU.Build.0 = Release|Any CPU
		{E599B911-BF75-4DEF-A9E1-B01553D64D1A}.Debug|Any CPU.ActiveCfg = Debug|Any CPU
		{E599B911-BF75-4DEF-A9E1-B01553D64D1A}.Debug|Any CPU.Build.0 = Debug|Any CPU
		{E599B911-BF75-4DEF-A9E1-B01553D64D1A}.Release|Any CPU.ActiveCfg = Release|Any CPU
		{E599B911-BF75-4DEF-A9E1-B01553D64D1A}.Release|Any CPU.Build.0 = Release|Any CPU
		{49204715-2F3D-4A47-A984-CE06B6E0FC91}.Debug|Any CPU.ActiveCfg = Debug|Any CPU
		{49204715-2F3D-4A47-A984-CE06B6E0FC91}.Debug|Any CPU.Build.0 = Debug|Any CPU
		{49204715-2F3D-4A47-A984-CE06B6E0FC91}.Release|Any CPU.ActiveCfg = Release|Any CPU
		{49204715-2F3D-4A47-A984-CE06B6E0FC91}.Release|Any CPU.Build.0 = Release|Any CPU
		{EFD0F14A-3F89-4A2F-875C-135D8E0FD01A}.Debug|Any CPU.ActiveCfg = Debug|Any CPU
		{EFD0F14A-3F89-4A2F-875C-135D8E0FD01A}.Debug|Any CPU.Build.0 = Debug|Any CPU
		{EFD0F14A-3F89-4A2F-875C-135D8E0FD01A}.Release|Any CPU.ActiveCfg = Release|Any CPU
		{EFD0F14A-3F89-4A2F-875C-135D8E0FD01A}.Release|Any CPU.Build.0 = Release|Any CPU
		{FB36A1E3-483F-47F6-9482-7C1DD4E92FEA}.Debug|Any CPU.ActiveCfg = Debug|Any CPU
		{FB36A1E3-483F-47F6-9482-7C1DD4E92FEA}.Debug|Any CPU.Build.0 = Debug|Any CPU
		{FB36A1E3-483F-47F6-9482-7C1DD4E92FEA}.Release|Any CPU.ActiveCfg = Release|Any CPU
		{FB36A1E3-483F-47F6-9482-7C1DD4E92FEA}.Release|Any CPU.Build.0 = Release|Any CPU
		{EA152672-9F35-4945-992E-016F13C21181}.Debug|Any CPU.ActiveCfg = Debug|Any CPU
		{EA152672-9F35-4945-992E-016F13C21181}.Debug|Any CPU.Build.0 = Debug|Any CPU
		{EA152672-9F35-4945-992E-016F13C21181}.Release|Any CPU.ActiveCfg = Release|Any CPU
		{EA152672-9F35-4945-992E-016F13C21181}.Release|Any CPU.Build.0 = Release|Any CPU
		{F60C7816-79AE-47EE-843F-57AEBE1960C0}.Debug|Any CPU.ActiveCfg = Debug|Any CPU
		{F60C7816-79AE-47EE-843F-57AEBE1960C0}.Debug|Any CPU.Build.0 = Debug|Any CPU
		{F60C7816-79AE-47EE-843F-57AEBE1960C0}.Release|Any CPU.ActiveCfg = Release|Any CPU
		{F60C7816-79AE-47EE-843F-57AEBE1960C0}.Release|Any CPU.Build.0 = Release|Any CPU
	EndGlobalSection
	GlobalSection(SolutionProperties) = preSolution
		HideSolutionNode = FALSE
	EndGlobalSection
	GlobalSection(ExtensibilityGlobals) = postSolution
		SolutionGuid = {6F53A62F-DC6D-40C7-ADA3-60CC1F89C6C3}
	EndGlobalSection
EndGlobal
